
Microsoft Visual Studio Solution File, Format Version 12.00
# Visual Studio Version 17
VisualStudioVersion = 17.4.33213.308
MinimumVisualStudioVersion = 10.0.40219.1
Project("{FAE04EC0-301F-11D3-BF4B-00C04F79EFBC}") = "Class Task", "Class Task\Class Task.csproj", "{30361D91-223C-4FF2-8463-25F95591C6B6}"
EndProject
Global
	GlobalSection(SolutionConfigurationPlatforms) = preSolution
		Debug|Any CPU = Debug|Any CPU
		Release|Any CPU = Release|Any CPU
	EndGlobalSection
	GlobalSection(ProjectConfigurationPlatforms) = postSolution
		{30361D91-223C-4FF2-8463-25F95591C6B6}.Debug|Any CPU.ActiveCfg = Debug|Any CPU
		{30361D91-223C-4FF2-8463-25F95591C6B6}.Debug|Any CPU.Build.0 = Debug|Any CPU
		{30361D91-223C-4FF2-8463-25F95591C6B6}.Release|Any CPU.ActiveCfg = Release|Any CPU
		{30361D91-223C-4FF2-8463-25F95591C6B6}.Release|Any CPU.Build.0 = Release|Any CPU
	EndGlobalSection
	GlobalSection(SolutionProperties) = preSolution
		HideSolutionNode = FALSE
	EndGlobalSection
	GlobalSection(ExtensibilityGlobals) = postSolution
		SolutionGuid = {26D538DD-8999-4828-9DFA-E9910E1F77C6}
	EndGlobalSection
EndGlobal
